
Microsoft Visual Studio Solution File, Format Version 12.00
# Visual Studio Version 17
VisualStudioVersion = 17.0.32112.339
MinimumVisualStudioVersion = 10.0.40219.1
Project("{FAE04EC0-301F-11D3-BF4B-00C04F79EFBC}") = "EmployeeClass2", "EmployeeClass2\EmployeeClass2.csproj", "{90170C40-72B2-4615-8E7D-D43B7DEEB132}"
EndProject
Project("{FAE04EC0-301F-11D3-BF4B-00C04F79EFBC}") = "EmployeeInheritance", "EmployeeInheritance\EmployeeInheritance.csproj", "{5C057E6D-5A47-49BB-84E1-800950CC714E}"
EndProject
Project("{FAE04EC0-301F-11D3-BF4B-00C04F79EFBC}") = "EmployeeInheritance2", "EmployeeInheritance2\EmployeeInheritance2.csproj", "{7A29D5E3-BAFF-4AC7-955C-407EE9E96C7F}"
EndProject
Project("{FAE04EC0-301F-11D3-BF4B-00C04F79EFBC}") = "EmployeeArray", "EmployeeArray\EmployeeArray.csproj", "{4A60F054-5866-4864-A856-4F786DB494CE}"
EndProject
Project("{FAE04EC0-301F-11D3-BF4B-00C04F79EFBC}") = "StudentMarksArray", "EmployeeMarksArray\StudentMarksArray.csproj", "{3EC1FC28-7127-470F-B809-BB65D51E34A2}"
EndProject
Project("{FAE04EC0-301F-11D3-BF4B-00C04F79EFBC}") = "StudentStructure", "StudentStructure\StudentStructure.csproj", "{9070C493-BC4A-4D2C-99E2-C43162D73347}"
EndProject
Project("{FAE04EC0-301F-11D3-BF4B-00C04F79EFBC}") = "EmployeeCollection1", "EmployeeCollection1\EmployeeCollection1.csproj", "{B9DA2EFC-8587-4FE9-BB60-59F1A515FC8B}"
EndProject
Project("{FAE04EC0-301F-11D3-BF4B-00C04F79EFBC}") = "EmployeeCollection2", "EmployeeCollection2\EmployeeCollection2.csproj", "{2026DEC9-3438-42D0-B4EC-0A5FE2E58DA3}"
EndProject
Project("{FAE04EC0-301F-11D3-BF4B-00C04F79EFBC}") = "EmployeeCollection3", "EmployeeCollection3\EmployeeCollection3.csproj", "{E33ACA5B-5386-4F35-B6A1-ABBC804F00BD}"
EndProject
Project("{FAE04EC0-301F-11D3-BF4B-00C04F79EFBC}") = "Lambda", "Lambda\Lambda.csproj", "{0D628F7B-50DA-4B6F-9950-6BB7F56484BC}"
EndProject
Project("{FAE04EC0-301F-11D3-BF4B-00C04F79EFBC}") = "Exception", "Exception\Exception.csproj", "{F73B1244-A960-4974-AB70-9344A2EB8D85}"
EndProject
Project("{2150E333-8FDC-42A3-9474-1A3956D46DE8}") = "Day1", "Day1", "{774C3495-77CF-4547-BA4C-58964F467781}"
EndProject
Project("{FAE04EC0-301F-11D3-BF4B-00C04F79EFBC}") = "EmployeeClass", "EmployeeClass\EmployeeClass.csproj", "{9ECBD6A9-6F81-47D4-B121-B2D182606655}"
EndProject
Project("{2150E333-8FDC-42A3-9474-1A3956D46DE8}") = "Day2", "Day2", "{8AE83059-1B6C-4253-BBB8-C399C2B4B19B}"
EndProject
Project("{2150E333-8FDC-42A3-9474-1A3956D46DE8}") = "Day3", "Day3", "{3B8469FF-2874-4E01-881E-309A661C0E04}"
EndProject
Project("{2150E333-8FDC-42A3-9474-1A3956D46DE8}") = "Day4", "Day4", "{5FC8949C-8399-4491-BA8E-5A773F5AC001}"
EndProject
Project("{2150E333-8FDC-42A3-9474-1A3956D46DE8}") = "Day9", "Day9", "{EF5E0762-576E-4AD6-AF28-C786D6F8AB9B}"
EndProject
Project("{FAE04EC0-301F-11D3-BF4B-00C04F79EFBC}") = "MVCAssignment", "MVCAssignment\MVCAssignment.csproj", "{49D44012-7824-4887-B6A6-E0F7FC039620}"
EndProject
Global
	GlobalSection(SolutionConfigurationPlatforms) = preSolution
		Debug|Any CPU = Debug|Any CPU
		Release|Any CPU = Release|Any CPU
	EndGlobalSection
	GlobalSection(ProjectConfigurationPlatforms) = postSolution
		{90170C40-72B2-4615-8E7D-D43B7DEEB132}.Debug|Any CPU.ActiveCfg = Debug|Any CPU
		{90170C40-72B2-4615-8E7D-D43B7DEEB132}.Debug|Any CPU.Build.0 = Debug|Any CPU
		{90170C40-72B2-4615-8E7D-D43B7DEEB132}.Release|Any CPU.ActiveCfg = Release|Any CPU
		{90170C40-72B2-4615-8E7D-D43B7DEEB132}.Release|Any CPU.Build.0 = Release|Any CPU
		{5C057E6D-5A47-49BB-84E1-800950CC714E}.Debug|Any CPU.ActiveCfg = Debug|Any CPU
		{5C057E6D-5A47-49BB-84E1-800950CC714E}.Debug|Any CPU.Build.0 = Debug|Any CPU
		{5C057E6D-5A47-49BB-84E1-800950CC714E}.Release|Any CPU.ActiveCfg = Release|Any CPU
		{5C057E6D-5A47-49BB-84E1-800950CC714E}.Release|Any CPU.Build.0 = Release|Any CPU
		{7A29D5E3-BAFF-4AC7-955C-407EE9E96C7F}.Debug|Any CPU.ActiveCfg = Debug|Any CPU
		{7A29D5E3-BAFF-4AC7-955C-407EE9E96C7F}.Debug|Any CPU.Build.0 = Debug|Any CPU
		{7A29D5E3-BAFF-4AC7-955C-407EE9E96C7F}.Release|Any CPU.ActiveCfg = Release|Any CPU
		{7A29D5E3-BAFF-4AC7-955C-407EE9E96C7F}.Release|Any CPU.Build.0 = Release|Any CPU
		{4A60F054-5866-4864-A856-4F786DB494CE}.Debug|Any CPU.ActiveCfg = Debug|Any CPU
		{4A60F054-5866-4864-A856-4F786DB494CE}.Debug|Any CPU.Build.0 = Debug|Any CPU
		{4A60F054-5866-4864-A856-4F786DB494CE}.Release|Any CPU.ActiveCfg = Release|Any CPU
		{4A60F054-5866-4864-A856-4F786DB494CE}.Release|Any CPU.Build.0 = Release|Any CPU
		{3EC1FC28-7127-470F-B809-BB65D51E34A2}.Debug|Any CPU.ActiveCfg = Debug|Any CPU
		{3EC1FC28-7127-470F-B809-BB65D51E34A2}.Debug|Any CPU.Build.0 = Debug|Any CPU
		{3EC1FC28-7127-470F-B809-BB65D51E34A2}.Release|Any CPU.ActiveCfg = Release|Any CPU
		{3EC1FC28-7127-470F-B809-BB65D51E34A2}.Release|Any CPU.Build.0 = Release|Any CPU
		{9070C493-BC4A-4D2C-99E2-C43162D73347}.Debug|Any CPU.ActiveCfg = Debug|Any CPU
		{9070C493-BC4A-4D2C-99E2-C43162D73347}.Debug|Any CPU.Build.0 = Debug|Any CPU
		{9070C493-BC4A-4D2C-99E2-C43162D73347}.Release|Any CPU.ActiveCfg = Release|Any CPU
		{9070C493-BC4A-4D2C-99E2-C43162D73347}.Release|Any CPU.Build.0 = Release|Any CPU
		{B9DA2EFC-8587-4FE9-BB60-59F1A515FC8B}.Debug|Any CPU.ActiveCfg = Debug|Any CPU
		{B9DA2EFC-8587-4FE9-BB60-59F1A515FC8B}.Debug|Any CPU.Build.0 = Debug|Any CPU
		{B9DA2EFC-8587-4FE9-BB60-59F1A515FC8B}.Release|Any CPU.ActiveCfg = Release|Any CPU
		{B9DA2EFC-8587-4FE9-BB60-59F1A515FC8B}.Release|Any CPU.Build.0 = Release|Any CPU
		{2026DEC9-3438-42D0-B4EC-0A5FE2E58DA3}.Debug|Any CPU.ActiveCfg = Debug|Any CPU
		{2026DEC9-3438-42D0-B4EC-0A5FE2E58DA3}.Debug|Any CPU.Build.0 = Debug|Any CPU
		{2026DEC9-3438-42D0-B4EC-0A5FE2E58DA3}.Release|Any CPU.ActiveCfg = Release|Any CPU
		{2026DEC9-3438-42D0-B4EC-0A5FE2E58DA3}.Release|Any CPU.Build.0 = Release|Any CPU
		{E33ACA5B-5386-4F35-B6A1-ABBC804F00BD}.Debug|Any CPU.ActiveCfg = Debug|Any CPU
		{E33ACA5B-5386-4F35-B6A1-ABBC804F00BD}.Debug|Any CPU.Build.0 = Debug|Any CPU
		{E33ACA5B-5386-4F35-B6A1-ABBC804F00BD}.Release|Any CPU.ActiveCfg = Release|Any CPU
		{E33ACA5B-5386-4F35-B6A1-ABBC804F00BD}.Release|Any CPU.Build.0 = Release|Any CPU
		{0D628F7B-50DA-4B6F-9950-6BB7F56484BC}.Debug|Any CPU.ActiveCfg = Debug|Any CPU
		{0D628F7B-50DA-4B6F-9950-6BB7F56484BC}.Debug|Any CPU.Build.0 = Debug|Any CPU
		{0D628F7B-50DA-4B6F-9950-6BB7F56484BC}.Release|Any CPU.ActiveCfg = Release|Any CPU
		{0D628F7B-50DA-4B6F-9950-6BB7F56484BC}.Release|Any CPU.Build.0 = Release|Any CPU
		{F73B1244-A960-4974-AB70-9344A2EB8D85}.Debug|Any CPU.ActiveCfg = Debug|Any CPU
		{F73B1244-A960-4974-AB70-9344A2EB8D85}.Debug|Any CPU.Build.0 = Debug|Any CPU
		{F73B1244-A960-4974-AB70-9344A2EB8D85}.Release|Any CPU.ActiveCfg = Release|Any CPU
		{F73B1244-A960-4974-AB70-9344A2EB8D85}.Release|Any CPU.Build.0 = Release|Any CPU
		{9ECBD6A9-6F81-47D4-B121-B2D182606655}.Debug|Any CPU.ActiveCfg = Debug|Any CPU
		{9ECBD6A9-6F81-47D4-B121-B2D182606655}.Debug|Any CPU.Build.0 = Debug|Any CPU
		{9ECBD6A9-6F81-47D4-B121-B2D182606655}.Release|Any CPU.ActiveCfg = Release|Any CPU
		{9ECBD6A9-6F81-47D4-B121-B2D182606655}.Release|Any CPU.Build.0 = Release|Any CPU
		{49D44012-7824-4887-B6A6-E0F7FC039620}.Debug|Any CPU.ActiveCfg = Debug|Any CPU
		{49D44012-7824-4887-B6A6-E0F7FC039620}.Debug|Any CPU.Build.0 = Debug|Any CPU
		{49D44012-7824-4887-B6A6-E0F7FC039620}.Release|Any CPU.ActiveCfg = Release|Any CPU
		{49D44012-7824-4887-B6A6-E0F7FC039620}.Release|Any CPU.Build.0 = Release|Any CPU
	EndGlobalSection
	GlobalSection(SolutionProperties) = preSolution
		HideSolutionNode = FALSE
	EndGlobalSection
	GlobalSection(NestedProjects) = preSolution
		{90170C40-72B2-4615-8E7D-D43B7DEEB132} = {8AE83059-1B6C-4253-BBB8-C399C2B4B19B}
		{5C057E6D-5A47-49BB-84E1-800950CC714E} = {8AE83059-1B6C-4253-BBB8-C399C2B4B19B}
		{7A29D5E3-BAFF-4AC7-955C-407EE9E96C7F} = {3B8469FF-2874-4E01-881E-309A661C0E04}
		{4A60F054-5866-4864-A856-4F786DB494CE} = {3B8469FF-2874-4E01-881E-309A661C0E04}
		{3EC1FC28-7127-470F-B809-BB65D51E34A2} = {3B8469FF-2874-4E01-881E-309A661C0E04}
		{9070C493-BC4A-4D2C-99E2-C43162D73347} = {3B8469FF-2874-4E01-881E-309A661C0E04}
		{B9DA2EFC-8587-4FE9-BB60-59F1A515FC8B} = {5FC8949C-8399-4491-BA8E-5A773F5AC001}
		{2026DEC9-3438-42D0-B4EC-0A5FE2E58DA3} = {5FC8949C-8399-4491-BA8E-5A773F5AC001}
		{E33ACA5B-5386-4F35-B6A1-ABBC804F00BD} = {5FC8949C-8399-4491-BA8E-5A773F5AC001}
		{0D628F7B-50DA-4B6F-9950-6BB7F56484BC} = {5FC8949C-8399-4491-BA8E-5A773F5AC001}
		{F73B1244-A960-4974-AB70-9344A2EB8D85} = {5FC8949C-8399-4491-BA8E-5A773F5AC001}
		{9ECBD6A9-6F81-47D4-B121-B2D182606655} = {774C3495-77CF-4547-BA4C-58964F467781}
		{49D44012-7824-4887-B6A6-E0F7FC039620} = {EF5E0762-576E-4AD6-AF28-C786D6F8AB9B}
	EndGlobalSection
	GlobalSection(ExtensibilityGlobals) = postSolution
		SolutionGuid = {A022CFBE-9BC4-4AB8-A0F2-75902FB6C1BB}
	EndGlobalSection
EndGlobal
